# This file was autogenerated by uv via the following command:
#    uv pip compile pyproject.toml --extra dev -o uv.lock --python-version 3.12
annotated-doc==0.0.4
    # via fastapi
annotated-types==0.7.0
    # via pydantic
anyio==4.14.1
    # via
    #   httpx
    #   sse-starlette
    #   starlette
    #   watchfiles
ast-serialize==0.6.0
    # via mypy
asttokens==3.0.1
    # via stack-data
audioread==3.1.0
    # via librosa
av==14.2.0
    # via indra-engine (pyproject.toml)
blake3==1.0.9
    # via indra-engine (pyproject.toml)
certifi==2026.6.17
    # via
    #   httpcore
    #   httpx
    #   requests
cffi==2.0.0
    # via soundfile
chardet==7.4.3
    # via music21
charset-normalizer==3.4.8
    # via requests
click==8.4.2
    # via uvicorn
contourpy==1.3.3
    # via matplotlib
coverage==7.15.0
    # via pytest-cov
cycler==0.12.1
    # via matplotlib
decorator==5.3.1
    # via
    #   ipython
    #   librosa
donfig==0.8.1.post1
    # via zarr
executing==2.2.1
    # via stack-data
fastapi==0.139.0
    # via indra-engine (pyproject.toml)
fonttools==4.63.0
    # via matplotlib
google-crc32c==1.8.0
    # via zarr
h11==0.16.0
    # via
    #   httpcore
    #   uvicorn
httpcore==1.0.9
    # via httpx
httptools==0.8.0
    # via uvicorn
httpx==0.28.1
    # via indra-engine (pyproject.toml)
httpx-sse==0.4.3
    # via indra-engine (pyproject.toml)
idna==3.18
    # via
    #   anyio
    #   httpx
    #   requests
importlib-resources==7.1.0
    # via pretty-midi
iniconfig==2.3.0
    # via pytest
ipython==8.39.0
    # via libfmp
jedi==0.20.0
    # via ipython
joblib==1.5.3
    # via
    #   librosa
    #   music21
    #   scikit-learn
jsonpickle==4.1.2
    # via music21
kiwisolver==1.5.0
    # via matplotlib
lazy-loader==0.5
    # via librosa
libfmp==1.3.0
    # via indra-engine (pyproject.toml)
librosa==0.11.0
    # via
    #   indra-engine (pyproject.toml)
    #   libfmp
librt==0.12.0
    # via mypy
llvmlite==0.48.0
    # via numba
matplotlib==3.11.0
    # via
    #   libfmp
    #   music21
matplotlib-inline==0.2.2
    # via ipython
mido==1.3.3
    # via pretty-midi
more-itertools==11.1.0
    # via music21
msgpack==1.2.1
    # via librosa
music21==9.9.2
    # via libfmp
mypy==2.1.0
    # via indra-engine (pyproject.toml)
mypy-extensions==1.1.0
    # via mypy
narwhals==2.23.0
    # via scikit-learn
numba==0.66.0
    # via
    #   libfmp
    #   librosa
numcodecs==0.16.5
    # via
    #   indra-engine (pyproject.toml)
    #   zarr
numpy==2.1.3
    # via
    #   indra-engine (pyproject.toml)
    #   contourpy
    #   libfmp
    #   librosa
    #   matplotlib
    #   music21
    #   numba
    #   numcodecs
    #   pandas
    #   pretty-midi
    #   scikit-learn
    #   scipy
    #   soundfile
    #   soxr
    #   zarr
packaging==26.2
    # via
    #   lazy-loader
    #   matplotlib
    #   mido
    #   pooch
    #   pytest
    #   zarr
pandas==2.3.3
    # via libfmp
parso==0.8.7
    # via jedi
pathspec==1.1.1
    # via mypy
pexpect==4.9.0
    # via ipython
pillow==12.3.0
    # via matplotlib
pip-licenses==5.5.5
    # via indra-engine (pyproject.toml)
platformdirs==4.10.0
    # via pooch
pluggy==1.6.0
    # via
    #   pytest
    #   pytest-cov
pooch==1.9.0
    # via librosa
pretty-midi==0.2.11
    # via libfmp
prettytable==3.18.0
    # via pip-licenses
prompt-toolkit==3.0.52
    # via ipython
psutil==7.2.2
    # via indra-engine (pyproject.toml)
ptyprocess==0.7.0
    # via pexpect
pure-eval==0.2.3
    # via stack-data
pyarrow==24.0.0
    # via indra-engine (pyproject.toml)
pycparser==3.0
    # via cffi
pydantic==2.13.4
    # via
    #   indra-engine (pyproject.toml)
    #   fastapi
pydantic-core==2.46.4
    # via pydantic
pygments==2.20.0
    # via
    #   ipython
    #   pytest
pyparsing==3.3.2
    # via matplotlib
pytest==9.1.1
    # via
    #   indra-engine (pyproject.toml)
    #   pytest-asyncio
    #   pytest-cov
pytest-asyncio==1.4.0
    # via indra-engine (pyproject.toml)
pytest-cov==7.1.0
    # via indra-engine (pyproject.toml)
python-dateutil==2.9.0.post0
    # via
    #   matplotlib
    #   pandas
python-dotenv==1.2.2
    # via uvicorn
pytz==2026.2
    # via pandas
pyyaml==6.0.3
    # via
    #   donfig
    #   uvicorn
requests==2.34.2
    # via
    #   music21
    #   pooch
ruff==0.15.20
    # via indra-engine (pyproject.toml)
scikit-learn==1.9.0
    # via librosa
scipy==1.18.0
    # via
    #   indra-engine (pyproject.toml)
    #   libfmp
    #   librosa
    #   scikit-learn
six==1.17.0
    # via
    #   pretty-midi
    #   python-dateutil
soundfile==0.14.0
    # via
    #   indra-engine (pyproject.toml)
    #   libfmp
    #   librosa
soxr==1.1.0
    # via librosa
sse-starlette==3.4.5
    # via indra-engine (pyproject.toml)
stack-data==0.6.3
    # via ipython
starlette==1.3.1
    # via
    #   fastapi
    #   sse-starlette
threadpoolctl==3.6.0
    # via scikit-learn
traitlets==5.15.1
    # via
    #   ipython
    #   matplotlib-inline
typing-extensions==4.16.0
    # via
    #   anyio
    #   fastapi
    #   librosa
    #   mypy
    #   numcodecs
    #   pydantic
    #   pydantic-core
    #   pytest-asyncio
    #   soundfile
    #   starlette
    #   typing-inspection
    #   zarr
typing-inspection==0.4.2
    # via
    #   fastapi
    #   pydantic
tzdata==2026.2
    # via pandas
urllib3==2.7.0
    # via requests
uvicorn==0.50.2
    # via indra-engine (pyproject.toml)
uvloop==0.22.1
    # via uvicorn
watchfiles==1.2.0
    # via uvicorn
wcwidth==0.8.2
    # via
    #   prettytable
    #   prompt-toolkit
webcolors==25.10.0
    # via music21
websockets==16.0
    # via uvicorn
xxhash==3.8.1
    # via indra-engine (pyproject.toml)
zarr==3.2.1
    # via indra-engine (pyproject.toml)
